{
  "version": 1,
  "dependencies": {
    "net10.0": {
      "managementgame.application": {
        "type": "Project",
        "dependencies": {
          "ManagementGame.Domain": "[1.0.0, )"
        }
      },
      "managementgame.domain": {
        "type": "Project"
      },
      "managementgame.infrastructure": {
        "type": "Project",
        "dependencies": {
          "ManagementGame.Application": "[1.0.0, )"
        }
      }
    }
  }
}